
Microsoft Visual Studio Solution File, Format Version 12.00
# Visual Studio Version 16
VisualStudioVersion = 16.6.30114.105
MinimumVisualStudioVersion = 10.0.40219.1
Project("{FAE04EC0-301F-11D3-BF4B-00C04F79EFBC}") = "Rooster.Client", "Rooster.Client\Rooster.Client.csproj", "{BDB415F7-689E-4C0C-86D4-7D3984F6530B}"
EndProject
Project("{FAE04EC0-301F-11D3-BF4B-00C04F79EFBC}") = "Rooster.Domain", "Rooster.Domain\Rooster.Domain.csproj", "{9049C036-73C2-4F94-9941-BE0C1A7DBF24}"
EndProject
Project("{FAE04EC0-301F-11D3-BF4B-00C04F79EFBC}") = "Roosters.Storing", "Rooster.Storing\Roosters.Storing.csproj", "{5CE19B33-777E-4012-AB0A-AB584D1694A0}"
EndProject
Project("{FAE04EC0-301F-11D3-BF4B-00C04F79EFBC}") = "Rooster.Testing", "Rooster.Testing\Rooster.Testing.csproj", "{041A3D8F-74FB-4BF7-A4E0-76A0A05D4170}"
EndProject
Global
	GlobalSection(SolutionConfigurationPlatforms) = preSolution
		Debug|Any CPU = Debug|Any CPU
		Debug|x64 = Debug|x64
		Debug|x86 = Debug|x86
		Release|Any CPU = Release|Any CPU
		Release|x64 = Release|x64
		Release|x86 = Release|x86
	EndGlobalSection
	GlobalSection(SolutionProperties) = preSolution
		HideSolutionNode = FALSE
	EndGlobalSection
	GlobalSection(ProjectConfigurationPlatforms) = postSolution
		{BDB415F7-689E-4C0C-86D4-7D3984F6530B}.Debug|Any CPU.ActiveCfg = Debug|Any CPU
		{BDB415F7-689E-4C0C-86D4-7D3984F6530B}.Debug|Any CPU.Build.0 = Debug|Any CPU
		{BDB415F7-689E-4C0C-86D4-7D3984F6530B}.Debug|x64.ActiveCfg = Debug|Any CPU
		{BDB415F7-689E-4C0C-86D4-7D3984F6530B}.Debug|x64.Build.0 = Debug|Any CPU
		{BDB415F7-689E-4C0C-86D4-7D3984F6530B}.Debug|x86.ActiveCfg = Debug|Any CPU
		{BDB415F7-689E-4C0C-86D4-7D3984F6530B}.Debug|x86.Build.0 = Debug|Any CPU
		{BDB415F7-689E-4C0C-86D4-7D3984F6530B}.Release|Any CPU.ActiveCfg = Release|Any CPU
		{BDB415F7-689E-4C0C-86D4-7D3984F6530B}.Release|Any CPU.Build.0 = Release|Any CPU
		{BDB415F7-689E-4C0C-86D4-7D3984F6530B}.Release|x64.ActiveCfg = Release|Any CPU
		{BDB415F7-689E-4C0C-86D4-7D3984F6530B}.Release|x64.Build.0 = Release|Any CPU
		{BDB415F7-689E-4C0C-86D4-7D3984F6530B}.Release|x86.ActiveCfg = Release|Any CPU
		{BDB415F7-689E-4C0C-86D4-7D3984F6530B}.Release|x86.Build.0 = Release|Any CPU
		{9049C036-73C2-4F94-9941-BE0C1A7DBF24}.Debug|Any CPU.ActiveCfg = Debug|Any CPU
		{9049C036-73C2-4F94-9941-BE0C1A7DBF24}.Debug|Any CPU.Build.0 = Debug|Any CPU
		{9049C036-73C2-4F94-9941-BE0C1A7DBF24}.Debug|x64.ActiveCfg = Debug|Any CPU
		{9049C036-73C2-4F94-9941-BE0C1A7DBF24}.Debug|x64.Build.0 = Debug|Any CPU
		{9049C036-73C2-4F94-9941-BE0C1A7DBF24}.Debug|x86.ActiveCfg = Debug|Any CPU
		{9049C036-73C2-4F94-9941-BE0C1A7DBF24}.Debug|x86.Build.0 = Debug|Any CPU
		{9049C036-73C2-4F94-9941-BE0C1A7DBF24}.Release|Any CPU.ActiveCfg = Release|Any CPU
		{9049C036-73C2-4F94-9941-BE0C1A7DBF24}.Release|Any CPU.Build.0 = Release|Any CPU
		{9049C036-73C2-4F94-9941-BE0C1A7DBF24}.Release|x64.ActiveCfg = Release|Any CPU
		{9049C036-73C2-4F94-9941-BE0C1A7DBF24}.Release|x64.Build.0 = Release|Any CPU
		{9049C036-73C2-4F94-9941-BE0C1A7DBF24}.Release|x86.ActiveCfg = Release|Any CPU
		{9049C036-73C2-4F94-9941-BE0C1A7DBF24}.Release|x86.Build.0 = Release|Any CPU
		{5CE19B33-777E-4012-AB0A-AB584D1694A0}.Debug|Any CPU.ActiveCfg = Debug|Any CPU
		{5CE19B33-777E-4012-AB0A-AB584D1694A0}.Debug|Any CPU.Build.0 = Debug|Any CPU
		{5CE19B33-777E-4012-AB0A-AB584D1694A0}.Debug|x64.ActiveCfg = Debug|Any CPU
		{5CE19B33-777E-4012-AB0A-AB584D1694A0}.Debug|x64.Build.0 = Debug|Any CPU
		{5CE19B33-777E-4012-AB0A-AB584D1694A0}.Debug|x86.ActiveCfg = Debug|Any CPU
		{5CE19B33-777E-4012-AB0A-AB584D1694A0}.Debug|x86.Build.0 = Debug|Any CPU
		{5CE19B33-777E-4012-AB0A-AB584D1694A0}.Release|Any CPU.ActiveCfg = Release|Any CPU
		{5CE19B33-777E-4012-AB0A-AB584D1694A0}.Release|Any CPU.Build.0 = Release|Any CPU
		{5CE19B33-777E-4012-AB0A-AB584D1694A0}.Release|x64.ActiveCfg = Release|Any CPU
		{5CE19B33-777E-4012-AB0A-AB584D1694A0}.Release|x64.Build.0 = Release|Any CPU
		{5CE19B33-777E-4012-AB0A-AB584D1694A0}.Release|x86.ActiveCfg = Release|Any CPU
		{5CE19B33-777E-4012-AB0A-AB584D1694A0}.Release|x86.Build.0 = Release|Any CPU
		{041A3D8F-74FB-4BF7-A4E0-76A0A05D4170}.Debug|Any CPU.ActiveCfg = Debug|Any CPU
		{041A3D8F-74FB-4BF7-A4E0-76A0A05D4170}.Debug|Any CPU.Build.0 = Debug|Any CPU
		{041A3D8F-74FB-4BF7-A4E0-76A0A05D4170}.Debug|x64.ActiveCfg = Debug|Any CPU
		{041A3D8F-74FB-4BF7-A4E0-76A0A05D4170}.Debug|x64.Build.0 = Debug|Any CPU
		{041A3D8F-74FB-4BF7-A4E0-76A0A05D4170}.Debug|x86.ActiveCfg = Debug|Any CPU
		{041A3D8F-74FB-4BF7-A4E0-76A0A05D4170}.Debug|x86.Build.0 = Debug|Any CPU
		{041A3D8F-74FB-4BF7-A4E0-76A0A05D4170}.Release|Any CPU.ActiveCfg = Release|Any CPU
		{041A3D8F-74FB-4BF7-A4E0-76A0A05D4170}.Release|Any CPU.Build.0 = Release|Any CPU
		{041A3D8F-74FB-4BF7-A4E0-76A0A05D4170}.Release|x64.ActiveCfg = Release|Any CPU
		{041A3D8F-74FB-4BF7-A4E0-76A0A05D4170}.Release|x64.Build.0 = Release|Any CPU
		{041A3D8F-74FB-4BF7-A4E0-76A0A05D4170}.Release|x86.ActiveCfg = Release|Any CPU
		{041A3D8F-74FB-4BF7-A4E0-76A0A05D4170}.Release|x86.Build.0 = Release|Any CPU
	EndGlobalSection
EndGlobal
